
Microsoft Visual Studio Solution File, Format Version 12.00
# Visual Studio Version 17
VisualStudioVersion = 17.4.33103.184
MinimumVisualStudioVersion = 10.0.40219.1
Project("{FAE04EC0-301F-11D3-BF4B-00C04F79EFBC}") = "ArenaDeBatalha.GUI", "ArenaDeBatalha.GUI\ArenaDeBatalha.GUI.csproj", "{88DC16DC-E61E-4CFC-8D35-C37DC15F69A1}"
EndProject
Project("{FAE04EC0-301F-11D3-BF4B-00C04F79EFBC}") = "ArenaDeBatalha.GameLogic", "ArenaDeBatalha.GameLogic\ArenaDeBatalha.GameLogic.csproj", "{2E5E25DF-A22E-414C-9C5E-47BDC14CE2FC}"
EndProject
Global
	GlobalSection(SolutionConfigurationPlatforms) = preSolution
		Debug|Any CPU = Debug|Any CPU
		Release|Any CPU = Release|Any CPU
	EndGlobalSection
	GlobalSection(ProjectConfigurationPlatforms) = postSolution
		{88DC16DC-E61E-4CFC-8D35-C37DC15F69A1}.Debug|Any CPU.ActiveCfg = Debug|Any CPU
		{88DC16DC-E61E-4CFC-8D35-C37DC15F69A1}.Debug|Any CPU.Build.0 = Debug|Any CPU
		{88DC16DC-E61E-4CFC-8D35-C37DC15F69A1}.Release|Any CPU.ActiveCfg = Release|Any CPU
		{88DC16DC-E61E-4CFC-8D35-C37DC15F69A1}.Release|Any CPU.Build.0 = Release|Any CPU
		{2E5E25DF-A22E-414C-9C5E-47BDC14CE2FC}.Debug|Any CPU.ActiveCfg = Debug|Any CPU
		{2E5E25DF-A22E-414C-9C5E-47BDC14CE2FC}.Debug|Any CPU.Build.0 = Debug|Any CPU
		{2E5E25DF-A22E-414C-9C5E-47BDC14CE2FC}.Release|Any CPU.ActiveCfg = Release|Any CPU
		{2E5E25DF-A22E-414C-9C5E-47BDC14CE2FC}.Release|Any CPU.Build.0 = Release|Any CPU
	EndGlobalSection
	GlobalSection(SolutionProperties) = preSolution
		HideSolutionNode = FALSE
	EndGlobalSection
	GlobalSection(ExtensibilityGlobals) = postSolution
		SolutionGuid = {1F9306D6-2D44-4EEE-BA2C-061DB35F550B}
	EndGlobalSection
EndGlobal
